
Microsoft Visual Studio Solution File, Format Version 12.00
# Visual Studio Version 17
VisualStudioVersion = 17.14.36429.23 d17.14
MinimumVisualStudioVersion = 10.0.40219.1
Project("{FAE04EC0-301F-11D3-BF4B-00C04F79EFBC}") = "ChessBoard2.0", "ChessBoard2.0\ChessBoard2.0.csproj", "{DF2B8037-115A-48DB-B86C-16C4F0B322E7}"
EndProject
Global
	GlobalSection(SolutionConfigurationPlatforms) = preSolution
		Debug|Any CPU = Debug|Any CPU
		Release|Any CPU = Release|Any CPU
	EndGlobalSection
	GlobalSection(ProjectConfigurationPlatforms) = postSolution
		{DF2B8037-115A-48DB-B86C-16C4F0B322E7}.Debug|Any CPU.ActiveCfg = Debug|Any CPU
		{DF2B8037-115A-48DB-B86C-16C4F0B322E7}.Debug|Any CPU.Build.0 = Debug|Any CPU
		{DF2B8037-115A-48DB-B86C-16C4F0B322E7}.Release|Any CPU.ActiveCfg = Release|Any CPU
		{DF2B8037-115A-48DB-B86C-16C4F0B322E7}.Release|Any CPU.Build.0 = Release|Any CPU
	EndGlobalSection
	GlobalSection(SolutionProperties) = preSolution
		HideSolutionNode = FALSE
	EndGlobalSection
	GlobalSection(ExtensibilityGlobals) = postSolution
		SolutionGuid = {D95E338C-8D61-489F-991C-2AF7D73B9E80}
	EndGlobalSection
EndGlobal
